github.com/gregdel/pushover v0.0.0-20200416074932-c8ad547caed4 h1:QZVozMeLCqyMOOhA+OuqQdNXkyu4uUQEu4+mPBB5pPQ=
github.com/gregdel/pushover v0.0.0-20200416074932-c8ad547caed4/go.mod h1:EcaO66Nn1StkpEm1iKtBTV3d2A16SoMsVER1PthX7to=
github.com/sethvargo/go-githubactions v0.1.1 h1:u75rV0C+AvNjEUE4maSN844/U5eiy9Rlc3ahOU4EAfE=
github.com/sethvargo/go-githubactions v0.1.1/go.mod h1:ugCoIFQjs7HxIwwYiY7ty6H9T+7Z4ey481HxqA3VRKE=
